
Microsoft Visual Studio Solution File, Format Version 12.00
# Visual Studio 15
VisualStudioVersion = 15.0.26403.7
MinimumVisualStudioVersion = 10.0.40219.1
Project("{FAE04EC0-301F-11D3-BF4B-00C04F79EFBC}") = "SPEngineReduxLibrary", "SPEngineReduxLibrary\SPEngineReduxLibrary.csproj", "{8A11D15B-E717-4189-9B81-F68A96F86A1E}"
EndProject
Project("{FAE04EC0-301F-11D3-BF4B-00C04F79EFBC}") = "SPEngineDefaultCellTester", "SPEngineReduxConsole\SPEngineDefaultCellTester.csproj", "{05B11F6E-C7EA-490C-AB9D-6A4E4E9A497B}"
EndProject
Project("{FAE04EC0-301F-11D3-BF4B-00C04F79EFBC}") = "StatEngine", "StatEngine\StatEngine.csproj", "{4C324726-1735-4E41-A038-6EE7BD1949C6}"
EndProject
Global
	GlobalSection(SolutionConfigurationPlatforms) = preSolution
		Debug|Any CPU = Debug|Any CPU
		Release|Any CPU = Release|Any CPU
	EndGlobalSection
	GlobalSection(ProjectConfigurationPlatforms) = postSolution
		{8A11D15B-E717-4189-9B81-F68A96F86A1E}.Debug|Any CPU.ActiveCfg = Debug|Any CPU
		{8A11D15B-E717-4189-9B81-F68A96F86A1E}.Debug|Any CPU.Build.0 = Debug|Any CPU
		{8A11D15B-E717-4189-9B81-F68A96F86A1E}.Release|Any CPU.ActiveCfg = Release|Any CPU
		{8A11D15B-E717-4189-9B81-F68A96F86A1E}.Release|Any CPU.Build.0 = Release|Any CPU
		{05B11F6E-C7EA-490C-AB9D-6A4E4E9A497B}.Debug|Any CPU.ActiveCfg = Debug|Any CPU
		{05B11F6E-C7EA-490C-AB9D-6A4E4E9A497B}.Debug|Any CPU.Build.0 = Debug|Any CPU
		{05B11F6E-C7EA-490C-AB9D-6A4E4E9A497B}.Release|Any CPU.ActiveCfg = Release|Any CPU
		{05B11F6E-C7EA-490C-AB9D-6A4E4E9A497B}.Release|Any CPU.Build.0 = Release|Any CPU
		{4C324726-1735-4E41-A038-6EE7BD1949C6}.Debug|Any CPU.ActiveCfg = Debug|Any CPU
		{4C324726-1735-4E41-A038-6EE7BD1949C6}.Debug|Any CPU.Build.0 = Debug|Any CPU
		{4C324726-1735-4E41-A038-6EE7BD1949C6}.Release|Any CPU.ActiveCfg = Release|Any CPU
		{4C324726-1735-4E41-A038-6EE7BD1949C6}.Release|Any CPU.Build.0 = Release|Any CPU
	EndGlobalSection
	GlobalSection(SolutionProperties) = preSolution
		HideSolutionNode = FALSE
	EndGlobalSection
EndGlobal
